
Microsoft Visual Studio Solution File, Format Version 12.00
# Visual Studio 15
VisualStudioVersion = 15.0.28307.136
MinimumVisualStudioVersion = 10.0.40219.1
Project("{FAE04EC0-301F-11D3-BF4B-00C04F79EFBC}") = "RoldaiceWeb", "RoldaiceWeb\RoldaiceWeb.csproj", "{21D5F529-0B6F-459F-8871-E859009A0B82}"
EndProject
Project("{FAE04EC0-301F-11D3-BF4B-00C04F79EFBC}") = "CryptographTests", "CryptographTests\CryptographTests.csproj", "{5180B2E2-185B-4079-8B31-BD5E2B742EE9}"
EndProject
Project("{FAE04EC0-301F-11D3-BF4B-00C04F79EFBC}") = "Cryptograph", "Cryptograph\Cryptograph.csproj", "{DA980DA4-3AD5-4E5D-BE52-22F87D43F47C}"
EndProject
Global
	GlobalSection(SolutionConfigurationPlatforms) = preSolution
		Debug|Any CPU = Debug|Any CPU
		Release|Any CPU = Release|Any CPU
	EndGlobalSection
	GlobalSection(ProjectConfigurationPlatforms) = postSolution
		{21D5F529-0B6F-459F-8871-E859009A0B82}.Debug|Any CPU.ActiveCfg = Debug|Any CPU
		{21D5F529-0B6F-459F-8871-E859009A0B82}.Debug|Any CPU.Build.0 = Debug|Any CPU
		{21D5F529-0B6F-459F-8871-E859009A0B82}.Release|Any CPU.ActiveCfg = Release|Any CPU
		{21D5F529-0B6F-459F-8871-E859009A0B82}.Release|Any CPU.Build.0 = Release|Any CPU
		{5180B2E2-185B-4079-8B31-BD5E2B742EE9}.Debug|Any CPU.ActiveCfg = Debug|Any CPU
		{5180B2E2-185B-4079-8B31-BD5E2B742EE9}.Debug|Any CPU.Build.0 = Debug|Any CPU
		{5180B2E2-185B-4079-8B31-BD5E2B742EE9}.Release|Any CPU.ActiveCfg = Release|Any CPU
		{5180B2E2-185B-4079-8B31-BD5E2B742EE9}.Release|Any CPU.Build.0 = Release|Any CPU
		{DA980DA4-3AD5-4E5D-BE52-22F87D43F47C}.Debug|Any CPU.ActiveCfg = Debug|Any CPU
		{DA980DA4-3AD5-4E5D-BE52-22F87D43F47C}.Debug|Any CPU.Build.0 = Debug|Any CPU
		{DA980DA4-3AD5-4E5D-BE52-22F87D43F47C}.Release|Any CPU.ActiveCfg = Release|Any CPU
		{DA980DA4-3AD5-4E5D-BE52-22F87D43F47C}.Release|Any CPU.Build.0 = Release|Any CPU
	EndGlobalSection
	GlobalSection(SolutionProperties) = preSolution
		HideSolutionNode = FALSE
	EndGlobalSection
	GlobalSection(ExtensibilityGlobals) = postSolution
		SolutionGuid = {5723D365-8970-4DFD-96B6-44F33E392D0E}
	EndGlobalSection
EndGlobal
